
Microsoft Visual Studio Solution File, Format Version 12.00
# Visual Studio Version 17
VisualStudioVersion = 17.4.33213.308
MinimumVisualStudioVersion = 10.0.40219.1
Project("{FAE04EC0-301F-11D3-BF4B-00C04F79EFBC}") = "ano bifiesto", "ano bifiesto\ano bifiesto.csproj", "{A60F8A82-1BFE-453A-9121-242FE16BDA1F}"
EndProject
Global
	GlobalSection(SolutionConfigurationPlatforms) = preSolution
		Debug|Any CPU = Debug|Any CPU
		Release|Any CPU = Release|Any CPU
	EndGlobalSection
	GlobalSection(ProjectConfigurationPlatforms) = postSolution
		{A60F8A82-1BFE-453A-9121-242FE16BDA1F}.Debug|Any CPU.ActiveCfg = Debug|Any CPU
		{A60F8A82-1BFE-453A-9121-242FE16BDA1F}.Debug|Any CPU.Build.0 = Debug|Any CPU
		{A60F8A82-1BFE-453A-9121-242FE16BDA1F}.Release|Any CPU.ActiveCfg = Release|Any CPU
		{A60F8A82-1BFE-453A-9121-242FE16BDA1F}.Release|Any CPU.Build.0 = Release|Any CPU
	EndGlobalSection
	GlobalSection(SolutionProperties) = preSolution
		HideSolutionNode = FALSE
	EndGlobalSection
	GlobalSection(ExtensibilityGlobals) = postSolution
		SolutionGuid = {988FF0E1-31E1-43BA-A2FF-FC2DC02ACE3E}
	EndGlobalSection
EndGlobal
